
Microsoft Visual Studio Solution File, Format Version 12.00
# Visual Studio Version 17
VisualStudioVersion = 17.4.33122.133
MinimumVisualStudioVersion = 10.0.40219.1
Project("{FAE04EC0-301F-11D3-BF4B-00C04F79EFBC}") = "Pishtazan.Salaries", "Pishtazan.Salaries\Pishtazan.Salaries.csproj", "{662E26C0-7CCE-4946-A175-F2B70F1A00D2}"
EndProject
Global
	GlobalSection(SolutionConfigurationPlatforms) = preSolution
		Debug|Any CPU = Debug|Any CPU
		Release|Any CPU = Release|Any CPU
	EndGlobalSection
	GlobalSection(ProjectConfigurationPlatforms) = postSolution
		{662E26C0-7CCE-4946-A175-F2B70F1A00D2}.Debug|Any CPU.ActiveCfg = Debug|Any CPU
		{662E26C0-7CCE-4946-A175-F2B70F1A00D2}.Debug|Any CPU.Build.0 = Debug|Any CPU
		{662E26C0-7CCE-4946-A175-F2B70F1A00D2}.Release|Any CPU.ActiveCfg = Release|Any CPU
		{662E26C0-7CCE-4946-A175-F2B70F1A00D2}.Release|Any CPU.Build.0 = Release|Any CPU
	EndGlobalSection
	GlobalSection(SolutionProperties) = preSolution
		HideSolutionNode = FALSE
	EndGlobalSection
	GlobalSection(ExtensibilityGlobals) = postSolution
		SolutionGuid = {FC0725C4-162D-4546-BE8B-DE4A432A70E1}
	EndGlobalSection
EndGlobal
