
Microsoft Visual Studio Solution File, Format Version 12.00
# Visual Studio Version 17
VisualStudioVersion = 17.4.33122.133
MinimumVisualStudioVersion = 10.0.40219.1
Project("{9A19103F-16F7-4668-BE54-9A1E7A4F7556}") = "Pishtazan.Salaries", "Pishtazan.Salaries\Pishtazan.Salaries.csproj", "{662E26C0-7CCE-4946-A175-F2B70F1A00D2}"
EndProject
Project("{9A19103F-16F7-4668-BE54-9A1E7A4F7556}") = "Pishtazan.Salaries.Domain", "Pishtazan.Salaries.Domain\Pishtazan.Salaries.Domain.csproj", "{BCDBA01E-7367-4885-AE51-3B753ACAE5D0}"
EndProject
Project("{9A19103F-16F7-4668-BE54-9A1E7A4F7556}") = "Pishtazan.Salaries.Domain.Tests.Unit", "Pishtazan.Salaries.Domain.Tests.Unit\Pishtazan.Salaries.Domain.Tests.Unit.csproj", "{E7C03FC1-D36F-4335-9B7E-A425208BA620}"
EndProject
Project("{9A19103F-16F7-4668-BE54-9A1E7A4F7556}") = "Pishtazan.Salaries.Infrastructure", "Pishtazan.Salaries.Infrastructure\Pishtazan.Salaries.Infrastructure.csproj", "{BC5F7C91-D469-4C6F-AE29-B9C04D06F141}"
EndProject
Project("{9A19103F-16F7-4668-BE54-9A1E7A4F7556}") = "Pishtazan.Salaries.Infrastructure.Tests.Unit", "Pishtazan.Salaries.Infrastructure.Tests.Unit\Pishtazan.Salaries.Infrastructure.Tests.Unit.csproj", "{AF725035-5CCD-4DED-BCA0-A2D83016B1DD}"
EndProject
Project("{9A19103F-16F7-4668-BE54-9A1E7A4F7556}") = "Pishtazan.Salaries.OvertimePolicies", "Pishtazan.Salaries.OvertimePolicies\Pishtazan.Salaries.OvertimePolicies.csproj", "{BCE66DA0-3127-46E6-B3BC-050245D8BF37}"
EndProject
Project("{9A19103F-16F7-4668-BE54-9A1E7A4F7556}") = "Pishtazan.Salaries.OvertimePolicies.Tests.Unit", "Pishtazan.Salaries.OvertimePolicies.Tests.Unit\Pishtazan.Salaries.OvertimePolicies.Tests.Unit.csproj", "{C248ECC7-1235-4D51-BA50-55986A37FF00}"
EndProject
Project("{9A19103F-16F7-4668-BE54-9A1E7A4F7556}") = "Pishtazan.Salaries.Domain.Common", "Pishtazan.Salaries.Domain.Common\Pishtazan.Salaries.Domain.Common.csproj", "{C6FE78B9-74CF-4165-B378-5FBA93F95B10}"
EndProject
Project("{9A19103F-16F7-4668-BE54-9A1E7A4F7556}") = "Pishtazan.Salaries.Domain.Common.Tests.Unit", "Pishtazan.Salaries.Domain.Common.Tests.Unit\Pishtazan.Salaries.Domain.Common.Tests.Unit.csproj", "{AFC6538B-9436-4D08-8F0F-486820DF98E5}"
EndProject
Project("{9A19103F-16F7-4668-BE54-9A1E7A4F7556}") = "Pishtazan.Salaries.Framework", "Pishtazan.Salaries.Framework\Pishtazan.Salaries.Framework.csproj", "{DD13004C-A365-4CFE-9184-5B01B48D9E00}"
EndProject
Project("{9A19103F-16F7-4668-BE54-9A1E7A4F7556}") = "Pishtazan.Salaries.Application", "Pishtazan.Salaries.Application\Pishtazan.Salaries.Application.csproj", "{B45C5A65-F6E9-4BC9-A6C0-83D754B83EAE}"
EndProject
Project("{9A19103F-16F7-4668-BE54-9A1E7A4F7556}") = "Pishtazan.Salaries.Application.Tests.Unit", "Pishtazan.Salaries.Application.Tests.Unit\Pishtazan.Salaries.Application.Tests.Unit.csproj", "{A43B1974-FF20-4753-BB0D-024D355E111A}"
EndProject
Project("{FAE04EC0-301F-11D3-BF4B-00C04F79EFBC}") = "Pishtazan.Salaries.Persistence", "Pishtazan.Salaries.Persistence\Pishtazan.Salaries.Persistence.csproj", "{A090D9CA-B99B-4D37-B48F-A7DDDC488C56}"
EndProject
Global
	GlobalSection(SolutionConfigurationPlatforms) = preSolution
		Debug|Any CPU = Debug|Any CPU
		Release|Any CPU = Release|Any CPU
	EndGlobalSection
	GlobalSection(ProjectConfigurationPlatforms) = postSolution
		{662E26C0-7CCE-4946-A175-F2B70F1A00D2}.Debug|Any CPU.ActiveCfg = Debug|Any CPU
		{662E26C0-7CCE-4946-A175-F2B70F1A00D2}.Debug|Any CPU.Build.0 = Debug|Any CPU
		{662E26C0-7CCE-4946-A175-F2B70F1A00D2}.Release|Any CPU.ActiveCfg = Release|Any CPU
		{662E26C0-7CCE-4946-A175-F2B70F1A00D2}.Release|Any CPU.Build.0 = Release|Any CPU
		{BCDBA01E-7367-4885-AE51-3B753ACAE5D0}.Debug|Any CPU.ActiveCfg = Debug|Any CPU
		{BCDBA01E-7367-4885-AE51-3B753ACAE5D0}.Debug|Any CPU.Build.0 = Debug|Any CPU
		{BCDBA01E-7367-4885-AE51-3B753ACAE5D0}.Release|Any CPU.ActiveCfg = Release|Any CPU
		{BCDBA01E-7367-4885-AE51-3B753ACAE5D0}.Release|Any CPU.Build.0 = Release|Any CPU
		{E7C03FC1-D36F-4335-9B7E-A425208BA620}.Debug|Any CPU.ActiveCfg = Debug|Any CPU
		{E7C03FC1-D36F-4335-9B7E-A425208BA620}.Debug|Any CPU.Build.0 = Debug|Any CPU
		{E7C03FC1-D36F-4335-9B7E-A425208BA620}.Release|Any CPU.ActiveCfg = Release|Any CPU
		{E7C03FC1-D36F-4335-9B7E-A425208BA620}.Release|Any CPU.Build.0 = Release|Any CPU
		{BC5F7C91-D469-4C6F-AE29-B9C04D06F141}.Debug|Any CPU.ActiveCfg = Debug|Any CPU
		{BC5F7C91-D469-4C6F-AE29-B9C04D06F141}.Debug|Any CPU.Build.0 = Debug|Any CPU
		{BC5F7C91-D469-4C6F-AE29-B9C04D06F141}.Release|Any CPU.ActiveCfg = Release|Any CPU
		{BC5F7C91-D469-4C6F-AE29-B9C04D06F141}.Release|Any CPU.Build.0 = Release|Any CPU
		{AF725035-5CCD-4DED-BCA0-A2D83016B1DD}.Debug|Any CPU.ActiveCfg = Debug|Any CPU
		{AF725035-5CCD-4DED-BCA0-A2D83016B1DD}.Debug|Any CPU.Build.0 = Debug|Any CPU
		{AF725035-5CCD-4DED-BCA0-A2D83016B1DD}.Release|Any CPU.ActiveCfg = Release|Any CPU
		{AF725035-5CCD-4DED-BCA0-A2D83016B1DD}.Release|Any CPU.Build.0 = Release|Any CPU
		{BCE66DA0-3127-46E6-B3BC-050245D8BF37}.Debug|Any CPU.ActiveCfg = Debug|Any CPU
		{BCE66DA0-3127-46E6-B3BC-050245D8BF37}.Debug|Any CPU.Build.0 = Debug|Any CPU
		{BCE66DA0-3127-46E6-B3BC-050245D8BF37}.Release|Any CPU.ActiveCfg = Release|Any CPU
		{BCE66DA0-3127-46E6-B3BC-050245D8BF37}.Release|Any CPU.Build.0 = Release|Any CPU
		{C248ECC7-1235-4D51-BA50-55986A37FF00}.Debug|Any CPU.ActiveCfg = Debug|Any CPU
		{C248ECC7-1235-4D51-BA50-55986A37FF00}.Debug|Any CPU.Build.0 = Debug|Any CPU
		{C248ECC7-1235-4D51-BA50-55986A37FF00}.Release|Any CPU.ActiveCfg = Release|Any CPU
		{C248ECC7-1235-4D51-BA50-55986A37FF00}.Release|Any CPU.Build.0 = Release|Any CPU
		{C6FE78B9-74CF-4165-B378-5FBA93F95B10}.Debug|Any CPU.ActiveCfg = Debug|Any CPU
		{C6FE78B9-74CF-4165-B378-5FBA93F95B10}.Debug|Any CPU.Build.0 = Debug|Any CPU
		{C6FE78B9-74CF-4165-B378-5FBA93F95B10}.Release|Any CPU.ActiveCfg = Release|Any CPU
		{C6FE78B9-74CF-4165-B378-5FBA93F95B10}.Release|Any CPU.Build.0 = Release|Any CPU
		{AFC6538B-9436-4D08-8F0F-486820DF98E5}.Debug|Any CPU.ActiveCfg = Debug|Any CPU
		{AFC6538B-9436-4D08-8F0F-486820DF98E5}.Debug|Any CPU.Build.0 = Debug|Any CPU
		{AFC6538B-9436-4D08-8F0F-486820DF98E5}.Release|Any CPU.ActiveCfg = Release|Any CPU
		{AFC6538B-9436-4D08-8F0F-486820DF98E5}.Release|Any CPU.Build.0 = Release|Any CPU
		{DD13004C-A365-4CFE-9184-5B01B48D9E00}.Debug|Any CPU.ActiveCfg = Debug|Any CPU
		{DD13004C-A365-4CFE-9184-5B01B48D9E00}.Debug|Any CPU.Build.0 = Debug|Any CPU
		{DD13004C-A365-4CFE-9184-5B01B48D9E00}.Release|Any CPU.ActiveCfg = Release|Any CPU
		{DD13004C-A365-4CFE-9184-5B01B48D9E00}.Release|Any CPU.Build.0 = Release|Any CPU
		{B45C5A65-F6E9-4BC9-A6C0-83D754B83EAE}.Debug|Any CPU.ActiveCfg = Debug|Any CPU
		{B45C5A65-F6E9-4BC9-A6C0-83D754B83EAE}.Debug|Any CPU.Build.0 = Debug|Any CPU
		{B45C5A65-F6E9-4BC9-A6C0-83D754B83EAE}.Release|Any CPU.ActiveCfg = Release|Any CPU
		{B45C5A65-F6E9-4BC9-A6C0-83D754B83EAE}.Release|Any CPU.Build.0 = Release|Any CPU
		{A43B1974-FF20-4753-BB0D-024D355E111A}.Debug|Any CPU.ActiveCfg = Debug|Any CPU
		{A43B1974-FF20-4753-BB0D-024D355E111A}.Debug|Any CPU.Build.0 = Debug|Any CPU
		{A43B1974-FF20-4753-BB0D-024D355E111A}.Release|Any CPU.ActiveCfg = Release|Any CPU
		{A43B1974-FF20-4753-BB0D-024D355E111A}.Release|Any CPU.Build.0 = Release|Any CPU
		{A090D9CA-B99B-4D37-B48F-A7DDDC488C56}.Debug|Any CPU.ActiveCfg = Debug|Any CPU
		{A090D9CA-B99B-4D37-B48F-A7DDDC488C56}.Debug|Any CPU.Build.0 = Debug|Any CPU
		{A090D9CA-B99B-4D37-B48F-A7DDDC488C56}.Release|Any CPU.ActiveCfg = Release|Any CPU
		{A090D9CA-B99B-4D37-B48F-A7DDDC488C56}.Release|Any CPU.Build.0 = Release|Any CPU
	EndGlobalSection
	GlobalSection(SolutionProperties) = preSolution
		HideSolutionNode = FALSE
	EndGlobalSection
	GlobalSection(ExtensibilityGlobals) = postSolution
		SolutionGuid = {FC0725C4-162D-4546-BE8B-DE4A432A70E1}
	EndGlobalSection
EndGlobal
